
Microsoft Visual Studio Solution File, Format Version 12.00
# Visual Studio Version 16
VisualStudioVersion = 16.0.30011.22
MinimumVisualStudioVersion = 10.0.40219.1
Project("{FAE04EC0-301F-11D3-BF4B-00C04F79EFBC}") = "laba2GRID", "laba2GRID\laba2GRID.csproj", "{B2BF46FD-5C02-4EC1-B399-2C936041D8C5}"
EndProject
Global
	GlobalSection(SolutionConfigurationPlatforms) = preSolution
		Debug|Any CPU = Debug|Any CPU
		Release|Any CPU = Release|Any CPU
	EndGlobalSection
	GlobalSection(ProjectConfigurationPlatforms) = postSolution
		{B2BF46FD-5C02-4EC1-B399-2C936041D8C5}.Debug|Any CPU.ActiveCfg = Debug|Any CPU
		{B2BF46FD-5C02-4EC1-B399-2C936041D8C5}.Debug|Any CPU.Build.0 = Debug|Any CPU
		{B2BF46FD-5C02-4EC1-B399-2C936041D8C5}.Release|Any CPU.ActiveCfg = Release|Any CPU
		{B2BF46FD-5C02-4EC1-B399-2C936041D8C5}.Release|Any CPU.Build.0 = Release|Any CPU
	EndGlobalSection
	GlobalSection(SolutionProperties) = preSolution
		HideSolutionNode = FALSE
	EndGlobalSection
	GlobalSection(ExtensibilityGlobals) = postSolution
		SolutionGuid = {DDC20948-1F32-46CC-B928-FDB2E0A81615}
	EndGlobalSection
EndGlobal
